
Microsoft Visual Studio Solution File, Format Version 12.00
# Visual Studio Version 17
VisualStudioVersion = 17.5.33627.172
MinimumVisualStudioVersion = 10.0.40219.1
Project("{8BC9CEB8-8B4A-11D0-8D11-00A0C91BC942}") = "基于STL的演讲比赛流程管理系统_11_4", "基于STL的演讲比赛流程管理系统_11_4.vcxproj", "{EECCA93B-86B4-4B90-8760-28F676B07362}"
EndProject
Global
	GlobalSection(SolutionConfigurationPlatforms) = preSolution
		Debug|x64 = Debug|x64
		Debug|x86 = Debug|x86
		Release|x64 = Release|x64
		Release|x86 = Release|x86
	EndGlobalSection
	GlobalSection(ProjectConfigurationPlatforms) = postSolution
		{EECCA93B-86B4-4B90-8760-28F676B07362}.Debug|x64.ActiveCfg = Debug|x64
		{EECCA93B-86B4-4B90-8760-28F676B07362}.Debug|x64.Build.0 = Debug|x64
		{EECCA93B-86B4-4B90-8760-28F676B07362}.Debug|x86.ActiveCfg = Debug|Win32
		{EECCA93B-86B4-4B90-8760-28F676B07362}.Debug|x86.Build.0 = Debug|Win32
		{EECCA93B-86B4-4B90-8760-28F676B07362}.Release|x64.ActiveCfg = Release|x64
		{EECCA93B-86B4-4B90-8760-28F676B07362}.Release|x64.Build.0 = Release|x64
		{EECCA93B-86B4-4B90-8760-28F676B07362}.Release|x86.ActiveCfg = Release|Win32
		{EECCA93B-86B4-4B90-8760-28F676B07362}.Release|x86.Build.0 = Release|Win32
	EndGlobalSection
	GlobalSection(SolutionProperties) = preSolution
		HideSolutionNode = FALSE
	EndGlobalSection
	GlobalSection(ExtensibilityGlobals) = postSolution
		SolutionGuid = {DA818D7E-1037-486F-A7E5-DD806C96C499}
	EndGlobalSection
EndGlobal
